
Microsoft Visual Studio Solution File, Format Version 12.00
# Visual Studio 15
VisualStudioVersion = 15.0.27703.2000
MinimumVisualStudioVersion = 10.0.40219.1
Project("{FAE04EC0-301F-11D3-BF4B-00C04F79EFBC}") = "PostEngine", "PostEngine\PostEngine.csproj", "{944B158A-F84B-4752-A414-DB397EB216C0}"
EndProject
Project("{FAE04EC0-301F-11D3-BF4B-00C04F79EFBC}") = "PostEngine.Tests", "PostEngine.Tests\PostEngine.Tests.csproj", "{97A02E3D-53F4-4B65-A1D7-F4EC2E1FC6DA}"
EndProject
Project("{FAE04EC0-301F-11D3-BF4B-00C04F79EFBC}") = "PostEngine.Data", "PostEngine.Data\PostEngine.Data.csproj", "{07C6B57B-AC70-465C-A102-54AA2E24C9E3}"
EndProject
Project("{FAE04EC0-301F-11D3-BF4B-00C04F79EFBC}") = "PostEngine.Logic", "PostEngine.Logic\PostEngine.Logic.csproj", "{5B5C9D26-A87C-4F21-86DE-F488ADC6FCC9}"
EndProject
Project("{FAE04EC0-301F-11D3-BF4B-00C04F79EFBC}") = "PostEngine.Model", "PostEngine.Model\PostEngine.Model.csproj", "{A06AE8C7-08EB-494A-A764-3B1CCE2B56EF}"
EndProject
Project("{FAE04EC0-301F-11D3-BF4B-00C04F79EFBC}") = "PostEngine.Infrastruc", "PostEngine.Infrastruc\PostEngine.Infrastruc.csproj", "{B44F1BA3-F58A-4489-B795-28EAF557F62E}"
EndProject
Global
	GlobalSection(SolutionConfigurationPlatforms) = preSolution
		Debug|Any CPU = Debug|Any CPU
		Release|Any CPU = Release|Any CPU
	EndGlobalSection
	GlobalSection(ProjectConfigurationPlatforms) = postSolution
		{944B158A-F84B-4752-A414-DB397EB216C0}.Debug|Any CPU.ActiveCfg = Debug|Any CPU
		{944B158A-F84B-4752-A414-DB397EB216C0}.Debug|Any CPU.Build.0 = Debug|Any CPU
		{944B158A-F84B-4752-A414-DB397EB216C0}.Release|Any CPU.ActiveCfg = Release|Any CPU
		{944B158A-F84B-4752-A414-DB397EB216C0}.Release|Any CPU.Build.0 = Release|Any CPU
		{97A02E3D-53F4-4B65-A1D7-F4EC2E1FC6DA}.Debug|Any CPU.ActiveCfg = Debug|Any CPU
		{97A02E3D-53F4-4B65-A1D7-F4EC2E1FC6DA}.Debug|Any CPU.Build.0 = Debug|Any CPU
		{97A02E3D-53F4-4B65-A1D7-F4EC2E1FC6DA}.Release|Any CPU.ActiveCfg = Release|Any CPU
		{97A02E3D-53F4-4B65-A1D7-F4EC2E1FC6DA}.Release|Any CPU.Build.0 = Release|Any CPU
		{07C6B57B-AC70-465C-A102-54AA2E24C9E3}.Debug|Any CPU.ActiveCfg = Debug|Any CPU
		{07C6B57B-AC70-465C-A102-54AA2E24C9E3}.Debug|Any CPU.Build.0 = Debug|Any CPU
		{07C6B57B-AC70-465C-A102-54AA2E24C9E3}.Release|Any CPU.ActiveCfg = Release|Any CPU
		{07C6B57B-AC70-465C-A102-54AA2E24C9E3}.Release|Any CPU.Build.0 = Release|Any CPU
		{5B5C9D26-A87C-4F21-86DE-F488ADC6FCC9}.Debug|Any CPU.ActiveCfg = Debug|Any CPU
		{5B5C9D26-A87C-4F21-86DE-F488ADC6FCC9}.Debug|Any CPU.Build.0 = Debug|Any CPU
		{5B5C9D26-A87C-4F21-86DE-F488ADC6FCC9}.Release|Any CPU.ActiveCfg = Release|Any CPU
		{5B5C9D26-A87C-4F21-86DE-F488ADC6FCC9}.Release|Any CPU.Build.0 = Release|Any CPU
		{A06AE8C7-08EB-494A-A764-3B1CCE2B56EF}.Debug|Any CPU.ActiveCfg = Debug|Any CPU
		{A06AE8C7-08EB-494A-A764-3B1CCE2B56EF}.Debug|Any CPU.Build.0 = Debug|Any CPU
		{A06AE8C7-08EB-494A-A764-3B1CCE2B56EF}.Release|Any CPU.ActiveCfg = Release|Any CPU
		{A06AE8C7-08EB-494A-A764-3B1CCE2B56EF}.Release|Any CPU.Build.0 = Release|Any CPU
		{B44F1BA3-F58A-4489-B795-28EAF557F62E}.Debug|Any CPU.ActiveCfg = Debug|Any CPU
		{B44F1BA3-F58A-4489-B795-28EAF557F62E}.Debug|Any CPU.Build.0 = Debug|Any CPU
		{B44F1BA3-F58A-4489-B795-28EAF557F62E}.Release|Any CPU.ActiveCfg = Release|Any CPU
		{B44F1BA3-F58A-4489-B795-28EAF557F62E}.Release|Any CPU.Build.0 = Release|Any CPU
	EndGlobalSection
	GlobalSection(SolutionProperties) = preSolution
		HideSolutionNode = FALSE
	EndGlobalSection
	GlobalSection(ExtensibilityGlobals) = postSolution
		SolutionGuid = {FD18DDD0-5742-48B5-8377-4F8880C48A5E}
	EndGlobalSection
EndGlobal
